# This file was autogenerated by Stack.
# You should not edit this file by hand.
# For more information, please see the documentation at:
#   https://docs.haskellstack.org/en/stable/lock_files

packages:
- completed:
    hackage: mfsolve-0.3.2.0@sha256:19ce2822b8d3cf906e983a237341698349dcef49d873b1b03d141276b4b0e8dc,1155
    pantry-tree:
      size: 262
      sha256: 194ef83e8a4008c156a76b87fcda74dd3ea5ca3274d3a01b63ca62bd5d8228a2
  original:
    hackage: mfsolve-0.3.2.0
- completed:
    hackage: diagrams-contrib-1.4.4@sha256:54afec4e0a1ad5fc151852d993b514168955a23884dca119f6fa294af44ea506,4753
    pantry-tree:
      size: 11387
      sha256: a5a363bcdaf16f7638e24050cb9f93f2107e849479553181fadb97d5d58252f5
  original:
    hackage: diagrams-contrib-1.4.4
- completed:
    hackage: catalyst-0.0.0.1@sha256:a313d125b4f322a47439914f472dc2f07ec47ef02efa5a6154fb97dfad2fcd33,1548
    pantry-tree:
      size: 681
      sha256: 91ecf4f6ab3eb3e02a81ae77d735ed2983b063d37e4b2cd0a067c2c97f839342
  original:
    hackage: catalyst-0.0.0.1
snapshots:
- completed:
    size: 534126
    url: https://raw.githubusercontent.com/commercialhaskell/stackage-snapshots/master/lts/16/31.yaml
    sha256: 637fb77049b25560622a224845b7acfe81a09fdb6a96a3c75997a10b651667f6
  original: lts-16.31
